
Microsoft Visual Studio Solution File, Format Version 12.00
# Visual Studio Version 17
VisualStudioVersion = 17.9.34714.143
MinimumVisualStudioVersion = 10.0.40219.1
Project("{FAE04EC0-301F-11D3-BF4B-00C04F79EFBC}") = "Ref, Out. String, Array, Char methods", "Ref, Out. String, Array, Char methods\Ref, Out. String, Array, Char methods.csproj", "{F1E34AF9-9B14-4824-BC40-E657BC47AC5B}"
EndProject
Global
	GlobalSection(SolutionConfigurationPlatforms) = preSolution
		Debug|Any CPU = Debug|Any CPU
		Release|Any CPU = Release|Any CPU
	EndGlobalSection
	GlobalSection(ProjectConfigurationPlatforms) = postSolution
		{F1E34AF9-9B14-4824-BC40-E657BC47AC5B}.Debug|Any CPU.ActiveCfg = Debug|Any CPU
		{F1E34AF9-9B14-4824-BC40-E657BC47AC5B}.Debug|Any CPU.Build.0 = Debug|Any CPU
		{F1E34AF9-9B14-4824-BC40-E657BC47AC5B}.Release|Any CPU.ActiveCfg = Release|Any CPU
		{F1E34AF9-9B14-4824-BC40-E657BC47AC5B}.Release|Any CPU.Build.0 = Release|Any CPU
	EndGlobalSection
	GlobalSection(SolutionProperties) = preSolution
		HideSolutionNode = FALSE
	EndGlobalSection
	GlobalSection(ExtensibilityGlobals) = postSolution
		SolutionGuid = {20E1790C-BD34-4165-BD2D-CF2A57254427}
	EndGlobalSection
EndGlobal
